
Microsoft Visual Studio Solution File, Format Version 12.00
# Visual Studio Version 17
VisualStudioVersion = 17.0.31903.59
MinimumVisualStudioVersion = 10.0.40219.1
Project("{2150E333-8FDC-42A3-9474-1A3956D46DE8}") = "src", "src", "{C1A1CF97-2AEB-47BC-808A-64819189043C}"
EndProject
Project("{FAE04EC0-301F-11D3-BF4B-00C04F79EFBC}") = "MQTTnet.Agent", "src\MQTTnet.Agent\MQTTnet.Agent.csproj", "{D9CF6814-2DDA-4828-B239-B8091E571F2E}"
EndProject
Project("{2150E333-8FDC-42A3-9474-1A3956D46DE8}") = "test", "test", "{FA2EFD94-728A-4B73-B6E8-223BFC6259B5}"
EndProject
Project("{FAE04EC0-301F-11D3-BF4B-00C04F79EFBC}") = "MQTTnet.Agent.Tests", "test\MQTTnet.Agent.Tests\MQTTnet.Agent.Tests.csproj", "{58CC18CC-FE66-411A-9BB5-090FF496C74D}"
EndProject
Project("{FAE04EC0-301F-11D3-BF4B-00C04F79EFBC}") = "MQTTnet.AgentAOT", "src\MQTTnet.AgentAOT\MQTTnet.AgentAOT.csproj", "{6FE07211-CEF3-4523-A257-1010A61BE579}"
EndProject
Project("{FAE04EC0-301F-11D3-BF4B-00C04F79EFBC}") = "MQTTnet.AgentAOT.Tests", "test\MQTTnet.AgentAOT.Tests\MQTTnet.AgentAOT.Tests.csproj", "{F91240F0-51ED-45F2-9CAA-324AC27CDB4B}"
EndProject
Global
	GlobalSection(SolutionConfigurationPlatforms) = preSolution
		Debug|Any CPU = Debug|Any CPU
		Release|Any CPU = Release|Any CPU
	EndGlobalSection
	GlobalSection(SolutionProperties) = preSolution
		HideSolutionNode = FALSE
	EndGlobalSection
	GlobalSection(ProjectConfigurationPlatforms) = postSolution
		{D9CF6814-2DDA-4828-B239-B8091E571F2E}.Debug|Any CPU.ActiveCfg = Debug|Any CPU
		{D9CF6814-2DDA-4828-B239-B8091E571F2E}.Debug|Any CPU.Build.0 = Debug|Any CPU
		{D9CF6814-2DDA-4828-B239-B8091E571F2E}.Release|Any CPU.ActiveCfg = Release|Any CPU
		{D9CF6814-2DDA-4828-B239-B8091E571F2E}.Release|Any CPU.Build.0 = Release|Any CPU
		{58CC18CC-FE66-411A-9BB5-090FF496C74D}.Debug|Any CPU.ActiveCfg = Debug|Any CPU
		{58CC18CC-FE66-411A-9BB5-090FF496C74D}.Debug|Any CPU.Build.0 = Debug|Any CPU
		{58CC18CC-FE66-411A-9BB5-090FF496C74D}.Release|Any CPU.ActiveCfg = Release|Any CPU
		{58CC18CC-FE66-411A-9BB5-090FF496C74D}.Release|Any CPU.Build.0 = Release|Any CPU
		{6FE07211-CEF3-4523-A257-1010A61BE579}.Debug|Any CPU.ActiveCfg = Debug|Any CPU
		{6FE07211-CEF3-4523-A257-1010A61BE579}.Debug|Any CPU.Build.0 = Debug|Any CPU
		{6FE07211-CEF3-4523-A257-1010A61BE579}.Release|Any CPU.ActiveCfg = Release|Any CPU
		{6FE07211-CEF3-4523-A257-1010A61BE579}.Release|Any CPU.Build.0 = Release|Any CPU
		{F91240F0-51ED-45F2-9CAA-324AC27CDB4B}.Debug|Any CPU.ActiveCfg = Debug|Any CPU
		{F91240F0-51ED-45F2-9CAA-324AC27CDB4B}.Debug|Any CPU.Build.0 = Debug|Any CPU
		{F91240F0-51ED-45F2-9CAA-324AC27CDB4B}.Release|Any CPU.ActiveCfg = Release|Any CPU
		{F91240F0-51ED-45F2-9CAA-324AC27CDB4B}.Release|Any CPU.Build.0 = Release|Any CPU
	EndGlobalSection
	GlobalSection(NestedProjects) = preSolution
		{D9CF6814-2DDA-4828-B239-B8091E571F2E} = {C1A1CF97-2AEB-47BC-808A-64819189043C}
		{58CC18CC-FE66-411A-9BB5-090FF496C74D} = {FA2EFD94-728A-4B73-B6E8-223BFC6259B5}
		{6FE07211-CEF3-4523-A257-1010A61BE579} = {C1A1CF97-2AEB-47BC-808A-64819189043C}
		{F91240F0-51ED-45F2-9CAA-324AC27CDB4B} = {FA2EFD94-728A-4B73-B6E8-223BFC6259B5}
	EndGlobalSection
EndGlobal
