
Microsoft Visual Studio Solution File, Format Version 12.00
# Visual Studio Version 17
VisualStudioVersion = 17.0.31903.59
MinimumVisualStudioVersion = 10.0.40219.1
Project("{2150E333-8FDC-42A3-9474-1A3956D46DE8}") = "src", "src", "{C1A1CF97-2AEB-47BC-808A-64819189043C}"
EndProject
Project("{FAE04EC0-301F-11D3-BF4B-00C04F79EFBC}") = "MQTTnet.Agent", "src\MQTTnet.Agent\MQTTnet.Agent.csproj", "{D9CF6814-2DDA-4828-B239-B8091E571F2E}"
EndProject
Global
	GlobalSection(SolutionConfigurationPlatforms) = preSolution
		Debug|Any CPU = Debug|Any CPU
		Release|Any CPU = Release|Any CPU
	EndGlobalSection
	GlobalSection(SolutionProperties) = preSolution
		HideSolutionNode = FALSE
	EndGlobalSection
	GlobalSection(ProjectConfigurationPlatforms) = postSolution
		{D9CF6814-2DDA-4828-B239-B8091E571F2E}.Debug|Any CPU.ActiveCfg = Debug|Any CPU
		{D9CF6814-2DDA-4828-B239-B8091E571F2E}.Debug|Any CPU.Build.0 = Debug|Any CPU
		{D9CF6814-2DDA-4828-B239-B8091E571F2E}.Release|Any CPU.ActiveCfg = Release|Any CPU
		{D9CF6814-2DDA-4828-B239-B8091E571F2E}.Release|Any CPU.Build.0 = Release|Any CPU
	EndGlobalSection
	GlobalSection(NestedProjects) = preSolution
		{D9CF6814-2DDA-4828-B239-B8091E571F2E} = {C1A1CF97-2AEB-47BC-808A-64819189043C}
	EndGlobalSection
EndGlobal
